
Microsoft Visual Studio Solution File, Format Version 12.00
# Visual Studio Version 16
VisualStudioVersion = 16.0.29001.49
MinimumVisualStudioVersion = 10.0.40219.1
Project("{9A19103F-16F7-4668-BE54-9A1E7A4F7556}") = "Identity.Contrib.InMemoryStore", "Identity.Contrib.InMemoryStore\Identity.Contrib.InMemoryStore.csproj", "{5462335B-1441-4594-9B8E-735DD32DAA87}"
EndProject
Project("{9A19103F-16F7-4668-BE54-9A1E7A4F7556}") = "OIDCPipeline.Core", "OIDCPipeline.Core\OIDCPipeline.Core.csproj", "{E7B819FB-060A-4D14-AF8F-CBEBAE6BA36B}"
EndProject
Project("{9A19103F-16F7-4668-BE54-9A1E7A4F7556}") = "NativeConsolePKCEClient", "NativeConsolePKCEClient\NativeConsolePKCEClient.csproj", "{1B2BB9FE-4ADE-4CEB-A3ED-C362FA3B9F93}"
EndProject
Project("{2150E333-8FDC-42A3-9474-1A3956D46DE8}") = "Tests", "Tests", "{18340005-B35E-4AC0-84BB-95A9432B7A49}"
EndProject
Project("{9A19103F-16F7-4668-BE54-9A1E7A4F7556}") = "TestServerFixture", "TestServerFixture\TestServerFixture.csproj", "{3E404A6A-66C0-4EBF-A550-B536D2B54BAE}"
EndProject
Project("{9A19103F-16F7-4668-BE54-9A1E7A4F7556}") = "IdentityModelExtras", "IdentityModelExtras\IdentityModelExtras.csproj", "{AA88E28B-004B-4D36-AA36-D7C939DEE10F}"
EndProject
Project("{9A19103F-16F7-4668-BE54-9A1E7A4F7556}") = "XUnitTest_Core", "XUnitTest_Core\XUnitTest_Core.csproj", "{E65B572D-0EFB-4284-B8F5-4E5CE3C83B06}"
EndProject
Project("{9A19103F-16F7-4668-BE54-9A1E7A4F7556}") = "OIDC.Orchestrator", "OIDC.Orchestrator\OIDC.Orchestrator.csproj", "{9F0F94BD-5673-4A56-A3EA-AD6E94121B1B}"
EndProject
Project("{2150E333-8FDC-42A3-9474-1A3956D46DE8}") = "Clients", "Clients", "{A674693D-2A31-4509-B456-C612E8BCAEC7}"
EndProject
Project("{9A19103F-16F7-4668-BE54-9A1E7A4F7556}") = "WebAppClient", "WebAppClient\WebAppClient.csproj", "{D6F384AD-F6FD-4E89-939F-65200DCB0562}"
EndProject
Project("{9A19103F-16F7-4668-BE54-9A1E7A4F7556}") = "OpenIdConntectModels", "OpenIdConnectModels\OpenIdConntectModels.csproj", "{EF3383F5-B924-497D-ABD7-1F7E5B20156F}"
EndProject
Project("{9A19103F-16F7-4668-BE54-9A1E7A4F7556}") = "NativeConsolePKCE-CLI", "NativeConsolePKCE-CLI\NativeConsolePKCE-CLI.csproj", "{B18327F0-E30A-41E6-A2FD-4B44AC3A26F7}"
EndProject
Project("{9A19103F-16F7-4668-BE54-9A1E7A4F7556}") = "Common", "Common\Common.csproj", "{04F8B550-A81A-4282-9686-B07443085BFE}"
EndProject
Project("{FAE04EC0-301F-11D3-BF4B-00C04F79EFBC}") = "OIDCOrchestratorApp", "OIDCOrchestratorApp\OIDCOrchestratorApp.csproj", "{EADFF65F-1EC2-4D91-B580-B18567B2B273}"
EndProject
Global
	GlobalSection(SolutionConfigurationPlatforms) = preSolution
		Debug|Any CPU = Debug|Any CPU
		Release|Any CPU = Release|Any CPU
	EndGlobalSection
	GlobalSection(ProjectConfigurationPlatforms) = postSolution
		{5462335B-1441-4594-9B8E-735DD32DAA87}.Debug|Any CPU.ActiveCfg = Debug|Any CPU
		{5462335B-1441-4594-9B8E-735DD32DAA87}.Debug|Any CPU.Build.0 = Debug|Any CPU
		{5462335B-1441-4594-9B8E-735DD32DAA87}.Release|Any CPU.ActiveCfg = Release|Any CPU
		{5462335B-1441-4594-9B8E-735DD32DAA87}.Release|Any CPU.Build.0 = Release|Any CPU
		{E7B819FB-060A-4D14-AF8F-CBEBAE6BA36B}.Debug|Any CPU.ActiveCfg = Debug|Any CPU
		{E7B819FB-060A-4D14-AF8F-CBEBAE6BA36B}.Debug|Any CPU.Build.0 = Debug|Any CPU
		{E7B819FB-060A-4D14-AF8F-CBEBAE6BA36B}.Release|Any CPU.ActiveCfg = Release|Any CPU
		{E7B819FB-060A-4D14-AF8F-CBEBAE6BA36B}.Release|Any CPU.Build.0 = Release|Any CPU
		{1B2BB9FE-4ADE-4CEB-A3ED-C362FA3B9F93}.Debug|Any CPU.ActiveCfg = Debug|Any CPU
		{1B2BB9FE-4ADE-4CEB-A3ED-C362FA3B9F93}.Debug|Any CPU.Build.0 = Debug|Any CPU
		{1B2BB9FE-4ADE-4CEB-A3ED-C362FA3B9F93}.Release|Any CPU.ActiveCfg = Release|Any CPU
		{1B2BB9FE-4ADE-4CEB-A3ED-C362FA3B9F93}.Release|Any CPU.Build.0 = Release|Any CPU
		{3E404A6A-66C0-4EBF-A550-B536D2B54BAE}.Debug|Any CPU.ActiveCfg = Debug|Any CPU
		{3E404A6A-66C0-4EBF-A550-B536D2B54BAE}.Debug|Any CPU.Build.0 = Debug|Any CPU
		{3E404A6A-66C0-4EBF-A550-B536D2B54BAE}.Release|Any CPU.ActiveCfg = Release|Any CPU
		{3E404A6A-66C0-4EBF-A550-B536D2B54BAE}.Release|Any CPU.Build.0 = Release|Any CPU
		{AA88E28B-004B-4D36-AA36-D7C939DEE10F}.Debug|Any CPU.ActiveCfg = Debug|Any CPU
		{AA88E28B-004B-4D36-AA36-D7C939DEE10F}.Debug|Any CPU.Build.0 = Debug|Any CPU
		{AA88E28B-004B-4D36-AA36-D7C939DEE10F}.Release|Any CPU.ActiveCfg = Release|Any CPU
		{AA88E28B-004B-4D36-AA36-D7C939DEE10F}.Release|Any CPU.Build.0 = Release|Any CPU
		{E65B572D-0EFB-4284-B8F5-4E5CE3C83B06}.Debug|Any CPU.ActiveCfg = Debug|Any CPU
		{E65B572D-0EFB-4284-B8F5-4E5CE3C83B06}.Debug|Any CPU.Build.0 = Debug|Any CPU
		{E65B572D-0EFB-4284-B8F5-4E5CE3C83B06}.Release|Any CPU.ActiveCfg = Release|Any CPU
		{E65B572D-0EFB-4284-B8F5-4E5CE3C83B06}.Release|Any CPU.Build.0 = Release|Any CPU
		{9F0F94BD-5673-4A56-A3EA-AD6E94121B1B}.Debug|Any CPU.ActiveCfg = Debug|Any CPU
		{9F0F94BD-5673-4A56-A3EA-AD6E94121B1B}.Debug|Any CPU.Build.0 = Debug|Any CPU
		{9F0F94BD-5673-4A56-A3EA-AD6E94121B1B}.Release|Any CPU.ActiveCfg = Release|Any CPU
		{9F0F94BD-5673-4A56-A3EA-AD6E94121B1B}.Release|Any CPU.Build.0 = Release|Any CPU
		{D6F384AD-F6FD-4E89-939F-65200DCB0562}.Debug|Any CPU.ActiveCfg = Debug|Any CPU
		{D6F384AD-F6FD-4E89-939F-65200DCB0562}.Debug|Any CPU.Build.0 = Debug|Any CPU
		{D6F384AD-F6FD-4E89-939F-65200DCB0562}.Release|Any CPU.ActiveCfg = Release|Any CPU
		{D6F384AD-F6FD-4E89-939F-65200DCB0562}.Release|Any CPU.Build.0 = Release|Any CPU
		{EF3383F5-B924-497D-ABD7-1F7E5B20156F}.Debug|Any CPU.ActiveCfg = Debug|Any CPU
		{EF3383F5-B924-497D-ABD7-1F7E5B20156F}.Debug|Any CPU.Build.0 = Debug|Any CPU
		{EF3383F5-B924-497D-ABD7-1F7E5B20156F}.Release|Any CPU.ActiveCfg = Release|Any CPU
		{EF3383F5-B924-497D-ABD7-1F7E5B20156F}.Release|Any CPU.Build.0 = Release|Any CPU
		{B18327F0-E30A-41E6-A2FD-4B44AC3A26F7}.Debug|Any CPU.ActiveCfg = Debug|Any CPU
		{B18327F0-E30A-41E6-A2FD-4B44AC3A26F7}.Debug|Any CPU.Build.0 = Debug|Any CPU
		{B18327F0-E30A-41E6-A2FD-4B44AC3A26F7}.Release|Any CPU.ActiveCfg = Release|Any CPU
		{B18327F0-E30A-41E6-A2FD-4B44AC3A26F7}.Release|Any CPU.Build.0 = Release|Any CPU
		{04F8B550-A81A-4282-9686-B07443085BFE}.Debug|Any CPU.ActiveCfg = Debug|Any CPU
		{04F8B550-A81A-4282-9686-B07443085BFE}.Debug|Any CPU.Build.0 = Debug|Any CPU
		{04F8B550-A81A-4282-9686-B07443085BFE}.Release|Any CPU.ActiveCfg = Release|Any CPU
		{04F8B550-A81A-4282-9686-B07443085BFE}.Release|Any CPU.Build.0 = Release|Any CPU
		{EADFF65F-1EC2-4D91-B580-B18567B2B273}.Debug|Any CPU.ActiveCfg = Debug|Any CPU
		{EADFF65F-1EC2-4D91-B580-B18567B2B273}.Debug|Any CPU.Build.0 = Debug|Any CPU
		{EADFF65F-1EC2-4D91-B580-B18567B2B273}.Release|Any CPU.ActiveCfg = Release|Any CPU
		{EADFF65F-1EC2-4D91-B580-B18567B2B273}.Release|Any CPU.Build.0 = Release|Any CPU
	EndGlobalSection
	GlobalSection(SolutionProperties) = preSolution
		HideSolutionNode = FALSE
	EndGlobalSection
	GlobalSection(NestedProjects) = preSolution
		{1B2BB9FE-4ADE-4CEB-A3ED-C362FA3B9F93} = {A674693D-2A31-4509-B456-C612E8BCAEC7}
		{3E404A6A-66C0-4EBF-A550-B536D2B54BAE} = {18340005-B35E-4AC0-84BB-95A9432B7A49}
		{E65B572D-0EFB-4284-B8F5-4E5CE3C83B06} = {18340005-B35E-4AC0-84BB-95A9432B7A49}
		{D6F384AD-F6FD-4E89-939F-65200DCB0562} = {A674693D-2A31-4509-B456-C612E8BCAEC7}
		{B18327F0-E30A-41E6-A2FD-4B44AC3A26F7} = {A674693D-2A31-4509-B456-C612E8BCAEC7}
	EndGlobalSection
	GlobalSection(ExtensibilityGlobals) = postSolution
		SolutionGuid = {CCF5A9E9-75F5-4894-9DFA-9E4C6374E7B2}
	EndGlobalSection
EndGlobal
